// !$*UTF8*$!
{
	archiveVersion = 1;
	classes = {
	};
	objectVersion = 46;
	objects = {

/* Begin PBXFileReference section */
		8F97DB061B6739DC00CC0BF1 /* reverseWordsInAString.c */ = {isa = PBXFileReference; lastKnownFileType = sourcecode.c.c; name = reverseWordsInAString.c; path = ../reverseWordsInAString.c; sourceTree = "<group>"; };
		8F97DB071B673D9500CC0BF1 /* simplifyPath.cpp */ = {isa = PBXFileReference; lastKnownFileType = sourcecode.cpp.cpp; name = simplifyPath.cpp; path = ../simplifyPath.cpp; sourceTree = "<group>"; };
		8FA572371B6F304300A32706 /* alien-language-dictionary-problem.cpp */ = {isa = PBXFileReference; lastKnownFileType = sourcecode.cpp.cpp; name = "alien-language-dictionary-problem.cpp"; path = "../alien-language-dictionary-problem.cpp"; sourceTree = "<group>"; };
		8FA5723A1B6F4B8A00A32706 /* WordSearchII.cpp */ = {isa = PBXFileReference; lastKnownFileType = sourcecode.cpp.cpp; name = WordSearchII.cpp; path = ../WordSearchII.cpp; sourceTree = "<group>"; };
		8FAF4BA71B5A20BC005A11C0 /* Minimum_Path_Sum.cpp */ = {isa = PBXFileReference; lastKnownFileType = sourcecode.cpp.cpp; name = Minimum_Path_Sum.cpp; path = ../Minimum_Path_Sum.cpp; sourceTree = "<group>"; };
		8FAF4BA81B5A20BC005A11C0 /* Minimum_Path_Sum.h */ = {isa = PBXFileReference; lastKnownFileType = sourcecode.c.h; name = Minimum_Path_Sum.h; path = ../Minimum_Path_Sum.h; sourceTree = "<group>"; };
		8FAF4BA91B5A216C005A11C0 /* Longest_Palindromic_Substring.cpp */ = {isa = PBXFileReference; lastKnownFileType = sourcecode.cpp.cpp; name = Longest_Palindromic_Substring.cpp; path = ../Longest_Palindromic_Substring.cpp; sourceTree = "<group>"; };
		8FAF4BAA1B5A48D3005A11C0 /* Candy.cpp */ = {isa = PBXFileReference; lastKnownFileType = sourcecode.cpp.cpp; name = Candy.cpp; path = ../Candy.cpp; sourceTree = "<group>"; };
		8FAF4BAB1B5B7AB7005A11C0 /* Trie.cpp */ = {isa = PBXFileReference; lastKnownFileType = sourcecode.cpp.cpp; name = Trie.cpp; path = ../Trie.cpp; sourceTree = "<group>"; };
		8FAF4BAC1B5C2D98005A11C0 /* EditDistance.cpp */ = {isa = PBXFileReference; lastKnownFileType = sourcecode.cpp.cpp; name = EditDistance.cpp; path = ../EditDistance.cpp; sourceTree = "<group>"; };
		8FAF4BAD1B5C6091005A11C0 /* DecodeWays.cpp */ = {isa = PBXFileReference; lastKnownFileType = sourcecode.cpp.cpp; name = DecodeWays.cpp; path = ../DecodeWays.cpp; sourceTree = "<group>"; };
		8FAF4BAE1B5CC52A005A11C0 /* Subsets.cpp */ = {isa = PBXFileReference; lastKnownFileType = sourcecode.cpp.cpp; name = Subsets.cpp; path = ../Subsets.cpp; sourceTree = "<group>"; };
		8FAF4BAF1B5CCBC1005A11C0 /* Subsets II.cpp */ = {isa = PBXFileReference; lastKnownFileType = sourcecode.cpp.cpp; name = "Subsets II.cpp"; path = "../Subsets II.cpp"; sourceTree = "<group>"; };
		8FAF4BB11B5E44CD005A11C0 /* MisspellCorrector.cpp */ = {isa = PBXFileReference; lastKnownFileType = sourcecode.cpp.cpp; name = MisspellCorrector.cpp; path = ../MisspellCorrector.cpp; sourceTree = "<group>"; };
		8FAF4BB21B5E4D69005A11C0 /* MinDepth.cpp */ = {isa = PBXFileReference; lastKnownFileType = sourcecode.cpp.cpp; name = MinDepth.cpp; path = ../MinDepth.cpp; sourceTree = "<group>"; };
		8FAF4BB31B5E549F005A11C0 /* UniqueBST.cpp */ = {isa = PBXFileReference; lastKnownFileType = sourcecode.cpp.cpp; name = UniqueBST.cpp; path = ../UniqueBST.cpp; sourceTree = "<group>"; };
		8FAF4BB41B6170AF005A11C0 /* CSVParse.cpp */ = {isa = PBXFileReference; lastKnownFileType = sourcecode.cpp.cpp; name = CSVParse.cpp; path = ../CSVParse.cpp; sourceTree = "<group>"; };
/* End PBXFileReference section */

/* Begin PBXGroup section */
		8FAF4BA01B5A205D005A11C0 = {
			isa = PBXGroup;
			children = (
				8FA5723A1B6F4B8A00A32706 /* WordSearchII.cpp */,
				8FA572371B6F304300A32706 /* alien-language-dictionary-problem.cpp */,
				8F97DB071B673D9500CC0BF1 /* simplifyPath.cpp */,
				8F97DB061B6739DC00CC0BF1 /* reverseWordsInAString.c */,
				8FAF4BB41B6170AF005A11C0 /* CSVParse.cpp */,
				8FAF4BB31B5E549F005A11C0 /* UniqueBST.cpp */,
				8FAF4BB21B5E4D69005A11C0 /* MinDepth.cpp */,
				8FAF4BB11B5E44CD005A11C0 /* MisspellCorrector.cpp */,
				8FAF4BAF1B5CCBC1005A11C0 /* Subsets II.cpp */,
				8FAF4BAE1B5CC52A005A11C0 /* Subsets.cpp */,
				8FAF4BAD1B5C6091005A11C0 /* DecodeWays.cpp */,
				8FAF4BAC1B5C2D98005A11C0 /* EditDistance.cpp */,
				8FAF4BAB1B5B7AB7005A11C0 /* Trie.cpp */,
				8FAF4BAA1B5A48D3005A11C0 /* Candy.cpp */,
				8FAF4BA91B5A216C005A11C0 /* Longest_Palindromic_Substring.cpp */,
				8FAF4BA71B5A20BC005A11C0 /* Minimum_Path_Sum.cpp */,
				8FAF4BA81B5A20BC005A11C0 /* Minimum_Path_Sum.h */,
			);
			sourceTree = "<group>";
		};
/* End PBXGroup section */

/* Begin PBXProject section */
		8FAF4BA11B5A205D005A11C0 /* Project object */ = {
			isa = PBXProject;
			attributes = {
				LastUpgradeCheck = 0610;
			};
			buildConfigurationList = 8FAF4BA41B5A205D005A11C0 /* Build configuration list for PBXProject "Leetcode" */;
			compatibilityVersion = "Xcode 3.2";
			developmentRegion = English;
			hasScannedForEncodings = 0;
			knownRegions = (
				en,
			);
			mainGroup = 8FAF4BA01B5A205D005A11C0;
			projectDirPath = "";
			projectRoot = "";
			targets = (
			);
		};
/* End PBXProject section */

/* Begin XCBuildConfiguration section */
		8FAF4BA51B5A205D005A11C0 /* Debug */ = {
			isa = XCBuildConfiguration;
			buildSettings = {
				New_Setting = "";
				New_Setting1 = "";
			};
			name = Debug;
		};
		8FAF4BA61B5A205D005A11C0 /* Release */ = {
			isa = XCBuildConfiguration;
			buildSettings = {
				New_Setting = "";
				New_Setting1 = "";
			};
			name = Release;
		};
/* End XCBuildConfiguration section */

/* Begin XCConfigurationList section */
		8FAF4BA41B5A205D005A11C0 /* Build configuration list for PBXProject "Leetcode" */ = {
			isa = XCConfigurationList;
			buildConfigurations = (
				8FAF4BA51B5A205D005A11C0 /* Debug */,
				8FAF4BA61B5A205D005A11C0 /* Release */,
			);
			defaultConfigurationIsVisible = 0;
			defaultConfigurationName = Debug;
		};
/* End XCConfigurationList section */
	};
	rootObject = 8FAF4BA11B5A205D005A11C0 /* Project object */;
}
